// !$*UTF8*$!
{
	archiveVersion = 1;
	classes = {
	};
	objectVersion = 56;
	objects = {

/* Begin PBXBuildFile section */
		BB4BBFC02AE5A9B1000B5DAD /* nightClass.swift in Sources */ = {isa = PBXBuildFile; fileRef = BB4BBFBB2AE5A9B1000B5DAD /* nightClass.swift */; };
		BB4BBFC12AE5A9B1000B5DAD /* nightStruct.swift in Sources */ = {isa = PBXBuildFile; fileRef = BB4BBFBC2AE5A9B1000B5DAD /* nightStruct.swift */; };
		BB4BBFC22AE5A9B1000B5DAD /* dailylifeView.swift in Sources */ = {isa = PBXBuildFile; fileRef = BB4BBFBD2AE5A9B1000B5DAD /* dailylifeView.swift */; };
		BB4BBFC32AE5A9B1000B5DAD /* dailyStruct.swift in Sources */ = {isa = PBXBuildFile; fileRef = BB4BBFBE2AE5A9B1000B5DAD /* dailyStruct.swift */; };
		BB4BBFC42AE5A9B1000B5DAD /* dailyClass.swift in Sources */ = {isa = PBXBuildFile; fileRef = BB4BBFBF2AE5A9B1000B5DAD /* dailyClass.swift */; };
		BB668D462AE2A9EB00480B4B /* drinkStruct.swift in Sources */ = {isa = PBXBuildFile; fileRef = BB668D412AE2A9EB00480B4B /* drinkStruct.swift */; };
		BB668D472AE2A9EB00480B4B /* foodClass.swift in Sources */ = {isa = PBXBuildFile; fileRef = BB668D422AE2A9EB00480B4B /* foodClass.swift */; };
		BB668D482AE2A9EB00480B4B /* drinkClass.swift in Sources */ = {isa = PBXBuildFile; fileRef = BB668D432AE2A9EB00480B4B /* drinkClass.swift */; };
		BB668D492AE2A9EB00480B4B /* foodStruct.swift in Sources */ = {isa = PBXBuildFile; fileRef = BB668D442AE2A9EB00480B4B /* foodStruct.swift */; };
		BB668D4A2AE2A9EB00480B4B /* FoodAndDrinksView.swift in Sources */ = {isa = PBXBuildFile; fileRef = BB668D452AE2A9EB00480B4B /* FoodAndDrinksView.swift */; };
		F01995172AE1686D006F6091 /* TestComponent.swift in Sources */ = {isa = PBXBuildFile; fileRef = F01995162AE1686D006F6091 /* TestComponent.swift */; };
		F01995192AE16976006F6091 /* HomeView.swift in Sources */ = {isa = PBXBuildFile; fileRef = F01995182AE16976006F6091 /* HomeView.swift */; };
		F019951B2AE169F2006F6091 /* CategoryView.swift in Sources */ = {isa = PBXBuildFile; fileRef = F019951A2AE169F2006F6091 /* CategoryView.swift */; };
		F01FDAA12AE2AAB1004B4DB6 /* FoodAndDrinksViewModel.swift in Sources */ = {isa = PBXBuildFile; fileRef = F01FDAA02AE2AAB1004B4DB6 /* FoodAndDrinksViewModel.swift */; };
		F01FDAA32AE2AF2B004B4DB6 /* LocationCardView.swift in Sources */ = {isa = PBXBuildFile; fileRef = F01FDAA22AE2AF2B004B4DB6 /* LocationCardView.swift */; };
		F05C5A132ADED8BF006DCF61 /* CiaoNaplesApp.swift in Sources */ = {isa = PBXBuildFile; fileRef = F05C5A122ADED8BF006DCF61 /* CiaoNaplesApp.swift */; };
		F05C5A152ADED8BF006DCF61 /* ContentView.swift in Sources */ = {isa = PBXBuildFile; fileRef = F05C5A142ADED8BF006DCF61 /* ContentView.swift */; };
		F05C5A172ADED8C0006DCF61 /* Assets.xcassets in Resources */ = {isa = PBXBuildFile; fileRef = F05C5A162ADED8C0006DCF61 /* Assets.xcassets */; };
		F05C5A1A2ADED8C0006DCF61 /* Preview Assets.xcassets in Resources */ = {isa = PBXBuildFile; fileRef = F05C5A192ADED8C0006DCF61 /* Preview Assets.xcassets */; };
		F0A4AA702AE16E3300A83D01 /* FavoritesView.swift in Sources */ = {isa = PBXBuildFile; fileRef = F0A4AA6F2AE16E3300A83D01 /* FavoritesView.swift */; };
		F0FE8F902AE04DE7007EEC49 /* Location.swift in Sources */ = {isa = PBXBuildFile; fileRef = F0FE8F8F2AE04DE7007EEC49 /* Location.swift */; };
		F0FE8F922AE04EA3007EEC49 /* Category.swift in Sources */ = {isa = PBXBuildFile; fileRef = F0FE8F912AE04EA3007EEC49 /* Category.swift */; };
/* End PBXBuildFile section */

/* Begin PBXFileReference section */
		BB4BBFBB2AE5A9B1000B5DAD /* nightClass.swift */ = {isa = PBXFileReference; fileEncoding = 4; lastKnownFileType = sourcecode.swift; path = nightClass.swift; sourceTree = "<group>"; };
		BB4BBFBC2AE5A9B1000B5DAD /* nightStruct.swift */ = {isa = PBXFileReference; fileEncoding = 4; lastKnownFileType = sourcecode.swift; path = nightStruct.swift; sourceTree = "<group>"; };
		BB4BBFBD2AE5A9B1000B5DAD /* dailylifeView.swift */ = {isa = PBXFileReference; fileEncoding = 4; lastKnownFileType = sourcecode.swift; path = dailylifeView.swift; sourceTree = "<group>"; };
		BB4BBFBE2AE5A9B1000B5DAD /* dailyStruct.swift */ = {isa = PBXFileReference; fileEncoding = 4; lastKnownFileType = sourcecode.swift; path = dailyStruct.swift; sourceTree = "<group>"; };
		BB4BBFBF2AE5A9B1000B5DAD /* dailyClass.swift */ = {isa = PBXFileReference; fileEncoding = 4; lastKnownFileType = sourcecode.swift; path = dailyClass.swift; sourceTree = "<group>"; };
		BB668D412AE2A9EB00480B4B /* drinkStruct.swift */ = {isa = PBXFileReference; fileEncoding = 4; lastKnownFileType = sourcecode.swift; path = drinkStruct.swift; sourceTree = "<group>"; };
		BB668D422AE2A9EB00480B4B /* foodClass.swift */ = {isa = PBXFileReference; fileEncoding = 4; lastKnownFileType = sourcecode.swift; path = foodClass.swift; sourceTree = "<group>"; };
		BB668D432AE2A9EB00480B4B /* drinkClass.swift */ = {isa = PBXFileReference; fileEncoding = 4; lastKnownFileType = sourcecode.swift; path = drinkClass.swift; sourceTree = "<group>"; };
		BB668D442AE2A9EB00480B4B /* foodStruct.swift */ = {isa = PBXFileReference; fileEncoding = 4; lastKnownFileType = sourcecode.swift; path = foodStruct.swift; sourceTree = "<group>"; };
		BB668D452AE2A9EB00480B4B /* FoodAndDrinksView.swift */ = {isa = PBXFileReference; fileEncoding = 4; lastKnownFileType = sourcecode.swift; path = FoodAndDrinksView.swift; sourceTree = "<group>"; };
		F01995162AE1686D006F6091 /* TestComponent.swift */ = {isa = PBXFileReference; lastKnownFileType = sourcecode.swift; path = TestComponent.swift; sourceTree = "<group>"; };
		F01995182AE16976006F6091 /* HomeView.swift */ = {isa = PBXFileReference; lastKnownFileType = sourcecode.swift; path = HomeView.swift; sourceTree = "<group>"; };
		F019951A2AE169F2006F6091 /* CategoryView.swift */ = {isa = PBXFileReference; lastKnownFileType = sourcecode.swift; path = CategoryView.swift; sourceTree = "<group>"; };
		F01FDAA02AE2AAB1004B4DB6 /* FoodAndDrinksViewModel.swift */ = {isa = PBXFileReference; lastKnownFileType = sourcecode.swift; path = FoodAndDrinksViewModel.swift; sourceTree = "<group>"; };
		F01FDAA22AE2AF2B004B4DB6 /* LocationCardView.swift */ = {isa = PBXFileReference; lastKnownFileType = sourcecode.swift; path = LocationCardView.swift; sourceTree = "<group>"; };
		F05C5A0F2ADED8BF006DCF61 /* CiaoNaples.app */ = {isa = PBXFileReference; explicitFileType = wrapper.application; includeInIndex = 0; path = CiaoNaples.app; sourceTree = BUILT_PRODUCTS_DIR; };
		F05C5A122ADED8BF006DCF61 /* CiaoNaplesApp.swift */ = {isa = PBXFileReference; lastKnownFileType = sourcecode.swift; path = CiaoNaplesApp.swift; sourceTree = "<group>"; };
		F05C5A142ADED8BF006DCF61 /* ContentView.swift */ = {isa = PBXFileReference; lastKnownFileType = sourcecode.swift; path = ContentView.swift; sourceTree = "<group>"; };
		F05C5A162ADED8C0006DCF61 /* Assets.xcassets */ = {isa = PBXFileReference; lastKnownFileType = folder.assetcatalog; path = Assets.xcassets; sourceTree = "<group>"; };
		F05C5A192ADED8C0006DCF61 /* Preview Assets.xcassets */ = {isa = PBXFileReference; lastKnownFileType = folder.assetcatalog; path = "Preview Assets.xcassets"; sourceTree = "<group>"; };
		F0A4AA6F2AE16E3300A83D01 /* FavoritesView.swift */ = {isa = PBXFileReference; lastKnownFileType = sourcecode.swift; path = FavoritesView.swift; sourceTree = "<group>"; };
		F0FE8F8F2AE04DE7007EEC49 /* Location.swift */ = {isa = PBXFileReference; lastKnownFileType = sourcecode.swift; path = Location.swift; sourceTree = "<group>"; };
		F0FE8F912AE04EA3007EEC49 /* Category.swift */ = {isa = PBXFileReference; lastKnownFileType = sourcecode.swift; path = Category.swift; sourceTree = "<group>"; };
/* End PBXFileReference section */

/* Begin PBXFrameworksBuildPhase section */
		F05C5A0C2ADED8BF006DCF61 /* Frameworks */ = {
			isa = PBXFrameworksBuildPhase;
			buildActionMask = 2147483647;
			files = (
			);
			runOnlyForDeploymentPostprocessing = 0;
		};
/* End PBXFrameworksBuildPhase section */

/* Begin PBXGroup section */
		BB4BBFBA2AE5A9B1000B5DAD /* Daily life */ = {
			isa = PBXGroup;
			children = (
				BB4BBFBB2AE5A9B1000B5DAD /* nightClass.swift */,
				BB4BBFBC2AE5A9B1000B5DAD /* nightStruct.swift */,
				BB4BBFBD2AE5A9B1000B5DAD /* dailylifeView.swift */,
				BB4BBFBE2AE5A9B1000B5DAD /* dailyStruct.swift */,
				BB4BBFBF2AE5A9B1000B5DAD /* dailyClass.swift */,
			);
			path = "Daily life";
			sourceTree = "<group>";
		};
		BB668D402AE2A9EB00480B4B /* FoodAndDrinks */ = {
			isa = PBXGroup;
			children = (
				BB668D412AE2A9EB00480B4B /* drinkStruct.swift */,
				BB668D422AE2A9EB00480B4B /* foodClass.swift */,
				BB668D432AE2A9EB00480B4B /* drinkClass.swift */,
				BB668D442AE2A9EB00480B4B /* foodStruct.swift */,
				BB668D452AE2A9EB00480B4B /* FoodAndDrinksView.swift */,
				F01FDAA02AE2AAB1004B4DB6 /* FoodAndDrinksViewModel.swift */,
			);
			path = FoodAndDrinks;
			sourceTree = "<group>";
		};
		F01995132AE164DA006F6091 /* Home */ = {
			isa = PBXGroup;
			children = (
				F01995182AE16976006F6091 /* HomeView.swift */,
			);
			path = Home;
			sourceTree = "<group>";
		};
		F01995152AE16856006F6091 /* Components */ = {
			isa = PBXGroup;
			children = (
				F019951A2AE169F2006F6091 /* CategoryView.swift */,
				F01FDAA22AE2AF2B004B4DB6 /* LocationCardView.swift */,
				F01995162AE1686D006F6091 /* TestComponent.swift */,
			);
			path = Components;
			sourceTree = "<group>";
		};
		F05C5A062ADED8BF006DCF61 = {
			isa = PBXGroup;
			children = (
				F05C5A112ADED8BF006DCF61 /* CiaoNaples */,
				F05C5A102ADED8BF006DCF61 /* Products */,
			);
			sourceTree = "<group>";
		};
		F05C5A102ADED8BF006DCF61 /* Products */ = {
			isa = PBXGroup;
			children = (
				F05C5A0F2ADED8BF006DCF61 /* CiaoNaples.app */,
			);
			name = Products;
			sourceTree = "<group>";
		};
		F05C5A112ADED8BF006DCF61 /* CiaoNaples */ = {
			isa = PBXGroup;
			children = (
				BB4BBFBA2AE5A9B1000B5DAD /* Daily life */,
				BB668D402AE2A9EB00480B4B /* FoodAndDrinks */,
				F01995152AE16856006F6091 /* Components */,
				F0A4AA6E2AE16E1900A83D01 /* Favorites */,
				F01995132AE164DA006F6091 /* Home */,
				F0FE8F4A2AE00655007EEC49 /* Model */,
				F05C5A122ADED8BF006DCF61 /* CiaoNaplesApp.swift */,
				F05C5A142ADED8BF006DCF61 /* ContentView.swift */,
				F05C5A162ADED8C0006DCF61 /* Assets.xcassets */,
				F05C5A182ADED8C0006DCF61 /* Preview Content */,
			);
			path = CiaoNaples;
			sourceTree = "<group>";
		};
		F05C5A182ADED8C0006DCF61 /* Preview Content */ = {
			isa = PBXGroup;
			children = (
				F05C5A192ADED8C0006DCF61 /* Preview Assets.xcassets */,
			);
			path = "Preview Content";
			sourceTree = "<group>";
		};
		F0A4AA6E2AE16E1900A83D01 /* Favorites */ = {
			isa = PBXGroup;
			children = (
				F0A4AA6F2AE16E3300A83D01 /* FavoritesView.swift */,
			);
			path = Favorites;
			sourceTree = "<group>";
		};
		F0FE8F4A2AE00655007EEC49 /* Model */ = {
			isa = PBXGroup;
			children = (
				F0FE8F8F2AE04DE7007EEC49 /* Location.swift */,
				F0FE8F912AE04EA3007EEC49 /* Category.swift */,
			);
			path = Model;
			sourceTree = "<group>";
		};
/* End PBXGroup section */

/* Begin PBXNativeTarget section */
		F05C5A0E2ADED8BF006DCF61 /* CiaoNaples */ = {
			isa = PBXNativeTarget;
			buildConfigurationList = F05C5A1D2ADED8C0006DCF61 /* Build configuration list for PBXNativeTarget "CiaoNaples" */;
			buildPhases = (
				F05C5A0B2ADED8BF006DCF61 /* Sources */,
				F05C5A0C2ADED8BF006DCF61 /* Frameworks */,
				F05C5A0D2ADED8BF006DCF61 /* Resources */,
			);
			buildRules = (
			);
			dependencies = (
			);
			name = CiaoNaples;
			productName = CiaoNaples;
			productReference = F05C5A0F2ADED8BF006DCF61 /* CiaoNaples.app */;
			productType = "com.apple.product-type.application";
		};
/* End PBXNativeTarget section */

/* Begin PBXProject section */
		F05C5A072ADED8BF006DCF61 /* Project object */ = {
			isa = PBXProject;
			attributes = {
				BuildIndependentTargetsInParallel = 1;
				LastSwiftUpdateCheck = 1500;
				LastUpgradeCheck = 1500;
				TargetAttributes = {
					F05C5A0E2ADED8BF006DCF61 = {
						CreatedOnToolsVersion = 15.0;
					};
				};
			};
			buildConfigurationList = F05C5A0A2ADED8BF006DCF61 /* Build configuration list for PBXProject "CiaoNaples" */;
			compatibilityVersion = "Xcode 14.0";
			developmentRegion = en;
			hasScannedForEncodings = 0;
			knownRegions = (
				en,
				Base,
			);
			mainGroup = F05C5A062ADED8BF006DCF61;
			productRefGroup = F05C5A102ADED8BF006DCF61 /* Products */;
			projectDirPath = "";
			projectRoot = "";
			targets = (
				F05C5A0E2ADED8BF006DCF61 /* CiaoNaples */,
			);
		};
/* End PBXProject section */

/* Begin PBXResourcesBuildPhase section */
		F05C5A0D2ADED8BF006DCF61 /* Resources */ = {
			isa = PBXResourcesBuildPhase;
			buildActionMask = 2147483647;
			files = (
				F05C5A1A2ADED8C0006DCF61 /* Preview Assets.xcassets in Resources */,
				F05C5A172ADED8C0006DCF61 /* Assets.xcassets in Resources */,
			);
			runOnlyForDeploymentPostprocessing = 0;
		};
/* End PBXResourcesBuildPhase section */

/* Begin PBXSourcesBuildPhase section */
		F05C5A0B2ADED8BF006DCF61 /* Sources */ = {
			isa = PBXSourcesBuildPhase;
			buildActionMask = 2147483647;
			files = (
				BB668D492AE2A9EB00480B4B /* foodStruct.swift in Sources */,
				F01FDAA12AE2AAB1004B4DB6 /* FoodAndDrinksViewModel.swift in Sources */,
				BB668D472AE2A9EB00480B4B /* foodClass.swift in Sources */,
				F01995172AE1686D006F6091 /* TestComponent.swift in Sources */,
				BB4BBFC22AE5A9B1000B5DAD /* dailylifeView.swift in Sources */,
				F01FDAA32AE2AF2B004B4DB6 /* LocationCardView.swift in Sources */,
				BB668D4A2AE2A9EB00480B4B /* FoodAndDrinksView.swift in Sources */,
				BB4BBFC12AE5A9B1000B5DAD /* nightStruct.swift in Sources */,
				BB668D462AE2A9EB00480B4B /* drinkStruct.swift in Sources */,
				F019951B2AE169F2006F6091 /* CategoryView.swift in Sources */,
				F05C5A152ADED8BF006DCF61 /* ContentView.swift in Sources */,
				BB4BBFC32AE5A9B1000B5DAD /* dailyStruct.swift in Sources */,
				F0FE8F902AE04DE7007EEC49 /* Location.swift in Sources */,
				F0A4AA702AE16E3300A83D01 /* FavoritesView.swift in Sources */,
				BB4BBFC02AE5A9B1000B5DAD /* nightClass.swift in Sources */,
				F01995192AE16976006F6091 /* HomeView.swift in Sources */,
				BB4BBFC42AE5A9B1000B5DAD /* dailyClass.swift in Sources */,
				F05C5A132ADED8BF006DCF61 /* CiaoNaplesApp.swift in Sources */,
				F0FE8F922AE04EA3007EEC49 /* Category.swift in Sources */,
				BB668D482AE2A9EB00480B4B /* drinkClass.swift in Sources */,
			);
			runOnlyForDeploymentPostprocessing = 0;
		};
/* End PBXSourcesBuildPhase section */

/* Begin XCBuildConfiguration section */
		F05C5A1B2ADED8C0006DCF61 /* Debug */ = {
			isa = XCBuildConfiguration;
			buildSettings = {
				ALWAYS_SEARCH_USER_PATHS = NO;
				ASSETCATALOG_COMPILER_GENERATE_SWIFT_ASSET_SYMBOL_EXTENSIONS = YES;
				CLANG_ANALYZER_NONNULL = YES;
				CLANG_ANALYZER_NUMBER_OBJECT_CONVERSION = YES_AGGRESSIVE;
				CLANG_CXX_LANGUAGE_STANDARD = "gnu++20";
				CLANG_ENABLE_MODULES = YES;
				CLANG_ENABLE_OBJC_ARC = YES;
				CLANG_ENABLE_OBJC_WEAK = YES;
				CLANG_WARN_BLOCK_CAPTURE_AUTORELEASING = YES;
				CLANG_WARN_BOOL_CONVERSION = YES;
				CLANG_WARN_COMMA = YES;
				CLANG_WARN_CONSTANT_CONVERSION = YES;
				CLANG_WARN_DEPRECATED_OBJC_IMPLEMENTATIONS = YES;
				CLANG_WARN_DIRECT_OBJC_ISA_USAGE = YES_ERROR;
				CLANG_WARN_DOCUMENTATION_COMMENTS = YES;
				CLANG_WARN_EMPTY_BODY = YES;
				CLANG_WARN_ENUM_CONVERSION = YES;
				CLANG_WARN_INFINITE_RECURSION = YES;
				CLANG_WARN_INT_CONVERSION = YES;
				CLANG_WARN_NON_LITERAL_NULL_CONVERSION = YES;
				CLANG_WARN_OBJC_IMPLICIT_RETAIN_SELF = YES;
				CLANG_WARN_OBJC_LITERAL_CONVERSION = YES;
				CLANG_WARN_OBJC_ROOT_CLASS = YES_ERROR;
				CLANG_WARN_QUOTED_INCLUDE_IN_FRAMEWORK_HEADER = YES;
				CLANG_WARN_RANGE_LOOP_ANALYSIS = YES;
				CLANG_WARN_STRICT_PROTOTYPES = YES;
				CLANG_WARN_SUSPICIOUS_MOVE = YES;
				CLANG_WARN_UNGUARDED_AVAILABILITY = YES_AGGRESSIVE;
				CLANG_WARN_UNREACHABLE_CODE = YES;
				CLANG_WARN__DUPLICATE_METHOD_MATCH = YES;
				COPY_PHASE_STRIP = NO;
				DEBUG_INFORMATION_FORMAT = dwarf;
				ENABLE_STRICT_OBJC_MSGSEND = YES;
				ENABLE_TESTABILITY = YES;
				ENABLE_USER_SCRIPT_SANDBOXING = YES;
				GCC_C_LANGUAGE_STANDARD = gnu17;
				GCC_DYNAMIC_NO_PIC = NO;
				GCC_NO_COMMON_BLOCKS = YES;
				GCC_OPTIMIZATION_LEVEL = 0;
				GCC_PREPROCESSOR_DEFINITIONS = (
					"DEBUG=1",
					"$(inherited)",
				);
				GCC_WARN_64_TO_32_BIT_CONVERSION = YES;
				GCC_WARN_ABOUT_RETURN_TYPE = YES_ERROR;
				GCC_WARN_UNDECLARED_SELECTOR = YES;
				GCC_WARN_UNINITIALIZED_AUTOS = YES_AGGRESSIVE;
				GCC_WARN_UNUSED_FUNCTION = YES;
				GCC_WARN_UNUSED_VARIABLE = YES;
				IPHONEOS_DEPLOYMENT_TARGET = 17.0;
				LOCALIZATION_PREFERS_STRING_CATALOGS = YES;
				MTL_ENABLE_DEBUG_INFO = INCLUDE_SOURCE;
				MTL_FAST_MATH = YES;
				ONLY_ACTIVE_ARCH = YES;
				SDKROOT = iphoneos;
				SWIFT_ACTIVE_COMPILATION_CONDITIONS = "DEBUG $(inherited)";
				SWIFT_OPTIMIZATION_LEVEL = "-Onone";
			};
			name = Debug;
		};
		F05C5A1C2ADED8C0006DCF61 /* Release */ = {
			isa = XCBuildConfiguration;
			buildSettings = {
				ALWAYS_SEARCH_USER_PATHS = NO;
				ASSETCATALOG_COMPILER_GENERATE_SWIFT_ASSET_SYMBOL_EXTENSIONS = YES;
				CLANG_ANALYZER_NONNULL = YES;
				CLANG_ANALYZER_NUMBER_OBJECT_CONVERSION = YES_AGGRESSIVE;
				CLANG_CXX_LANGUAGE_STANDARD = "gnu++20";
				CLANG_ENABLE_MODULES = YES;
				CLANG_ENABLE_OBJC_ARC = YES;
				CLANG_ENABLE_OBJC_WEAK = YES;
				CLANG_WARN_BLOCK_CAPTURE_AUTORELEASING = YES;
				CLANG_WARN_BOOL_CONVERSION = YES;
				CLANG_WARN_COMMA = YES;
				CLANG_WARN_CONSTANT_CONVERSION = YES;
				CLANG_WARN_DEPRECATED_OBJC_IMPLEMENTATIONS = YES;
				CLANG_WARN_DIRECT_OBJC_ISA_USAGE = YES_ERROR;
				CLANG_WARN_DOCUMENTATION_COMMENTS = YES;
				CLANG_WARN_EMPTY_BODY = YES;
				CLANG_WARN_ENUM_CONVERSION = YES;
				CLANG_WARN_INFINITE_RECURSION = YES;
				CLANG_WARN_INT_CONVERSION = YES;
				CLANG_WARN_NON_LITERAL_NULL_CONVERSION = YES;
				CLANG_WARN_OBJC_IMPLICIT_RETAIN_SELF = YES;
				CLANG_WARN_OBJC_LITERAL_CONVERSION = YES;
				CLANG_WARN_OBJC_ROOT_CLASS = YES_ERROR;
				CLANG_WARN_QUOTED_INCLUDE_IN_FRAMEWORK_HEADER = YES;
				CLANG_WARN_RANGE_LOOP_ANALYSIS = YES;
				CLANG_WARN_STRICT_PROTOTYPES = YES;
				CLANG_WARN_SUSPICIOUS_MOVE = YES;
				CLANG_WARN_UNGUARDED_AVAILABILITY = YES_AGGRESSIVE;
				CLANG_WARN_UNREACHABLE_CODE = YES;
				CLANG_WARN__DUPLICATE_METHOD_MATCH = YES;
				COPY_PHASE_STRIP = NO;
				DEBUG_INFORMATION_FORMAT = "dwarf-with-dsym";
				ENABLE_NS_ASSERTIONS = NO;
				ENABLE_STRICT_OBJC_MSGSEND = YES;
				ENABLE_USER_SCRIPT_SANDBOXING = YES;
				GCC_C_LANGUAGE_STANDARD = gnu17;
				GCC_NO_COMMON_BLOCKS = YES;
				GCC_WARN_64_TO_32_BIT_CONVERSION = YES;
				GCC_WARN_ABOUT_RETURN_TYPE = YES_ERROR;
				GCC_WARN_UNDECLARED_SELECTOR = YES;
				GCC_WARN_UNINITIALIZED_AUTOS = YES_AGGRESSIVE;
				GCC_WARN_UNUSED_FUNCTION = YES;
				GCC_WARN_UNUSED_VARIABLE = YES;
				IPHONEOS_DEPLOYMENT_TARGET = 17.0;
				LOCALIZATION_PREFERS_STRING_CATALOGS = YES;
				MTL_ENABLE_DEBUG_INFO = NO;
				MTL_FAST_MATH = YES;
				SDKROOT = iphoneos;
				SWIFT_COMPILATION_MODE = wholemodule;
				VALIDATE_PRODUCT = YES;
			};
			name = Release;
		};
		F05C5A1E2ADED8C0006DCF61 /* Debug */ = {
			isa = XCBuildConfiguration;
			buildSettings = {
				ASSETCATALOG_COMPILER_APPICON_NAME = AppIcon;
				ASSETCATALOG_COMPILER_GLOBAL_ACCENT_COLOR_NAME = AccentColor;
				CODE_SIGN_STYLE = Automatic;
				CURRENT_PROJECT_VERSION = 1;
				DEVELOPMENT_ASSET_PATHS = "\"CiaoNaples/Preview Content\"";
				ENABLE_PREVIEWS = YES;
				GENERATE_INFOPLIST_FILE = YES;
				INFOPLIST_KEY_UIApplicationSceneManifest_Generation = YES;
				INFOPLIST_KEY_UIApplicationSupportsIndirectInputEvents = YES;
				INFOPLIST_KEY_UILaunchScreen_Generation = YES;
				INFOPLIST_KEY_UISupportedInterfaceOrientations_iPad = "UIInterfaceOrientationPortrait UIInterfaceOrientationPortraitUpsideDown UIInterfaceOrientationLandscapeLeft UIInterfaceOrientationLandscapeRight";
				INFOPLIST_KEY_UISupportedInterfaceOrientations_iPhone = "UIInterfaceOrientationPortrait UIInterfaceOrientationLandscapeLeft UIInterfaceOrientationLandscapeRight";
				LD_RUNPATH_SEARCH_PATHS = (
					"$(inherited)",
					"@executable_path/Frameworks",
				);
				MARKETING_VERSION = 1.0;
				PRODUCT_BUNDLE_IDENTIFIER = com.vergaraaa.CiaoNaples;
				PRODUCT_NAME = "$(TARGET_NAME)";
				SWIFT_EMIT_LOC_STRINGS = YES;
				SWIFT_VERSION = 5.0;
				TARGETED_DEVICE_FAMILY = "1,2";
			};
			name = Debug;
		};
		F05C5A1F2ADED8C0006DCF61 /* Release */ = {
			isa = XCBuildConfiguration;
			buildSettings = {
				ASSETCATALOG_COMPILER_APPICON_NAME = AppIcon;
				ASSETCATALOG_COMPILER_GLOBAL_ACCENT_COLOR_NAME = AccentColor;
				CODE_SIGN_STYLE = Automatic;
				CURRENT_PROJECT_VERSION = 1;
				DEVELOPMENT_ASSET_PATHS = "\"CiaoNaples/Preview Content\"";
				ENABLE_PREVIEWS = YES;
				GENERATE_INFOPLIST_FILE = YES;
				INFOPLIST_KEY_UIApplicationSceneManifest_Generation = YES;
				INFOPLIST_KEY_UIApplicationSupportsIndirectInputEvents = YES;
				INFOPLIST_KEY_UILaunchScreen_Generation = YES;
				INFOPLIST_KEY_UISupportedInterfaceOrientations_iPad = "UIInterfaceOrientationPortrait UIInterfaceOrientationPortraitUpsideDown UIInterfaceOrientationLandscapeLeft UIInterfaceOrientationLandscapeRight";
				INFOPLIST_KEY_UISupportedInterfaceOrientations_iPhone = "UIInterfaceOrientationPortrait UIInterfaceOrientationLandscapeLeft UIInterfaceOrientationLandscapeRight";
				LD_RUNPATH_SEARCH_PATHS = (
					"$(inherited)",
					"@executable_path/Frameworks",
				);
				MARKETING_VERSION = 1.0;
				PRODUCT_BUNDLE_IDENTIFIER = com.vergaraaa.CiaoNaples;
				PRODUCT_NAME = "$(TARGET_NAME)";
				SWIFT_EMIT_LOC_STRINGS = YES;
				SWIFT_VERSION = 5.0;
				TARGETED_DEVICE_FAMILY = "1,2";
			};
			name = Release;
		};
/* End XCBuildConfiguration section */

/* Begin XCConfigurationList section */
		F05C5A0A2ADED8BF006DCF61 /* Build configuration list for PBXProject "CiaoNaples" */ = {
			isa = XCConfigurationList;
			buildConfigurations = (
				F05C5A1B2ADED8C0006DCF61 /* Debug */,
				F05C5A1C2ADED8C0006DCF61 /* Release */,
			);
			defaultConfigurationIsVisible = 0;
			defaultConfigurationName = Release;
		};
		F05C5A1D2ADED8C0006DCF61 /* Build configuration list for PBXNativeTarget "CiaoNaples" */ = {
			isa = XCConfigurationList;
			buildConfigurations = (
				F05C5A1E2ADED8C0006DCF61 /* Debug */,
				F05C5A1F2ADED8C0006DCF61 /* Release */,
			);
			defaultConfigurationIsVisible = 0;
			defaultConfigurationName = Release;
		};
/* End XCConfigurationList section */
	};
	rootObject = F05C5A072ADED8BF006DCF61 /* Project object */;
}
